github.com/JosiahWitt/erk v0.5.0 h1:2tSb5yAVLRz5SBeApE6KcQchCyxlxQFYBesqg7b7utY=
github.com/JosiahWitt/erk v0.5.0/go.mod h1:OiLS68mTg6Aa3Olx2CHoe3Dg38Uy8MsJzHawpT8aEfQ=
github.com/matryer/is v1.2.0 h1:92UTHpy8CDwaJ08GqLDzhhuixiBUUD1p3AU6PHddz4A=
github.com/matryer/is v1.2.0/go.mod h1:2fLPjFQM9rhQ15aVEtbuwhJinnOqrmgXPNdZsdwlWXA=
